
Microsoft Visual Studio Solution File, Format Version 12.00
# Visual Studio Version 17
VisualStudioVersion = 17.4.33110.190
MinimumVisualStudioVersion = 10.0.40219.1
Project("{8BC9CEB8-8B4A-11D0-8D11-00A0C91BC942}") = "RepasoExamenUrgencias", "RepasoExamenUrgencias\RepasoExamenUrgencias.vcxproj", "{325FE0AA-3088-4BC4-8016-5AC06045B52A}"
EndProject
Global
	GlobalSection(SolutionConfigurationPlatforms) = preSolution
		Debug|x64 = Debug|x64
		Debug|x86 = Debug|x86
		Release|x64 = Release|x64
		Release|x86 = Release|x86
	EndGlobalSection
	GlobalSection(ProjectConfigurationPlatforms) = postSolution
		{325FE0AA-3088-4BC4-8016-5AC06045B52A}.Debug|x64.ActiveCfg = Debug|x64
		{325FE0AA-3088-4BC4-8016-5AC06045B52A}.Debug|x64.Build.0 = Debug|x64
		{325FE0AA-3088-4BC4-8016-5AC06045B52A}.Debug|x86.ActiveCfg = Debug|Win32
		{325FE0AA-3088-4BC4-8016-5AC06045B52A}.Debug|x86.Build.0 = Debug|Win32
		{325FE0AA-3088-4BC4-8016-5AC06045B52A}.Release|x64.ActiveCfg = Release|x64
		{325FE0AA-3088-4BC4-8016-5AC06045B52A}.Release|x64.Build.0 = Release|x64
		{325FE0AA-3088-4BC4-8016-5AC06045B52A}.Release|x86.ActiveCfg = Release|Win32
		{325FE0AA-3088-4BC4-8016-5AC06045B52A}.Release|x86.Build.0 = Release|Win32
	EndGlobalSection
	GlobalSection(SolutionProperties) = preSolution
		HideSolutionNode = FALSE
	EndGlobalSection
	GlobalSection(ExtensibilityGlobals) = postSolution
		SolutionGuid = {2EDEB67B-031A-4B56-BCFA-A39D87A02618}
	EndGlobalSection
EndGlobal
